
Microsoft Visual Studio Solution File, Format Version 12.00
# Visual Studio 2012
Project("{FAE04EC0-301F-11D3-BF4B-00C04F79EFBC}") = "EZInventory", "EZInventory\EZInventory.csproj", "{23EAF71F-7E6E-4EAA-916A-EF94E84929F0}"
EndProject
Project("{FAE04EC0-301F-11D3-BF4B-00C04F79EFBC}") = "EZInventory.Tests", "EZInventory.Tests\EZInventory.Tests.csproj", "{2EB4594A-5CFD-4D92-97F0-7DE55461A0CB}"
EndProject
Project("{FAE04EC0-301F-11D3-BF4B-00C04F79EFBC}") = "EZInventory.Model", "EZInventory.Model\EZInventory.Model.csproj", "{C69B8A90-260D-4323-B6D8-0904CA2DF8FE}"
EndProject
Global
	GlobalSection(SolutionConfigurationPlatforms) = preSolution
		Debug|Any CPU = Debug|Any CPU
		Release|Any CPU = Release|Any CPU
	EndGlobalSection
	GlobalSection(ProjectConfigurationPlatforms) = postSolution
		{23EAF71F-7E6E-4EAA-916A-EF94E84929F0}.Debug|Any CPU.ActiveCfg = Debug|Any CPU
		{23EAF71F-7E6E-4EAA-916A-EF94E84929F0}.Debug|Any CPU.Build.0 = Debug|Any CPU
		{23EAF71F-7E6E-4EAA-916A-EF94E84929F0}.Release|Any CPU.ActiveCfg = Release|Any CPU
		{23EAF71F-7E6E-4EAA-916A-EF94E84929F0}.Release|Any CPU.Build.0 = Release|Any CPU
		{2EB4594A-5CFD-4D92-97F0-7DE55461A0CB}.Debug|Any CPU.ActiveCfg = Debug|Any CPU
		{2EB4594A-5CFD-4D92-97F0-7DE55461A0CB}.Debug|Any CPU.Build.0 = Debug|Any CPU
		{2EB4594A-5CFD-4D92-97F0-7DE55461A0CB}.Release|Any CPU.ActiveCfg = Release|Any CPU
		{2EB4594A-5CFD-4D92-97F0-7DE55461A0CB}.Release|Any CPU.Build.0 = Release|Any CPU
		{C69B8A90-260D-4323-B6D8-0904CA2DF8FE}.Debug|Any CPU.ActiveCfg = Debug|Any CPU
		{C69B8A90-260D-4323-B6D8-0904CA2DF8FE}.Debug|Any CPU.Build.0 = Debug|Any CPU
		{C69B8A90-260D-4323-B6D8-0904CA2DF8FE}.Release|Any CPU.ActiveCfg = Release|Any CPU
		{C69B8A90-260D-4323-B6D8-0904CA2DF8FE}.Release|Any CPU.Build.0 = Release|Any CPU
	EndGlobalSection
	GlobalSection(SolutionProperties) = preSolution
		HideSolutionNode = FALSE
	EndGlobalSection
EndGlobal
